
Microsoft Visual Studio Solution File, Format Version 12.00
# Visual Studio Version 17
VisualStudioVersion = 17.11.35327.3
MinimumVisualStudioVersion = 10.0.40219.1
Project("{FAE04EC0-301F-11D3-BF4B-00C04F79EFBC}") = "GameLibrary", "GameLibrary.csproj", "{4DF30FCA-A574-4CBC-B041-0D441F7EADC0}"
EndProject
Global
	GlobalSection(SolutionConfigurationPlatforms) = preSolution
		Debug|Any CPU = Debug|Any CPU
		Release|Any CPU = Release|Any CPU
	EndGlobalSection
	GlobalSection(ProjectConfigurationPlatforms) = postSolution
		{4DF30FCA-A574-4CBC-B041-0D441F7EADC0}.Debug|Any CPU.ActiveCfg = Debug|Any CPU
		{4DF30FCA-A574-4CBC-B041-0D441F7EADC0}.Debug|Any CPU.Build.0 = Debug|Any CPU
		{4DF30FCA-A574-4CBC-B041-0D441F7EADC0}.Release|Any CPU.ActiveCfg = Release|Any CPU
		{4DF30FCA-A574-4CBC-B041-0D441F7EADC0}.Release|Any CPU.Build.0 = Release|Any CPU
	EndGlobalSection
	GlobalSection(SolutionProperties) = preSolution
		HideSolutionNode = FALSE
	EndGlobalSection
	GlobalSection(ExtensibilityGlobals) = postSolution
		SolutionGuid = {FC521F93-D5B0-422B-8AE0-9DDE68C2E67B}
	EndGlobalSection
EndGlobal
